version = 1
revision = 3
requires-python = ">=3.11"

[[package]]
name = "colorama"
version = "0.4.6"
source = { registry = "https://pypi.org/simple" }
sdist = { url = "https://files.pythonhosted.org/packages/d8/53/6f443c9a4a8358a93a6792e2acffb9d9d5cb0a5cfd8802644b7b1c9a02e4/colorama-0.4.6.tar.gz", hash = "sha256:08695f5cb7ed6e0531a20572697297273c47b8cae5a63ffc6d6ed5c201be6e44", size = 27697, upload-time = "2022-10-25T02:36:22.414Z" }
wheels = [
    { url = "https://files.pythonhosted.org/packages/d1/d6/3965ed04c63042e047cb6a3e6ed1a63a35087b6a609aa3a15ed8ac56c221/colorama-0.4.6-py2.py3-none-any.whl", hash = "sha256:4f1d9991f5acc0ca119f9d443620b77f9d6b33703e51011c16baf57afb285fc6", size = 25335, upload-time = "2022-10-25T02:36:20.889Z" },
]

[[package]]
name = "iniconfig"
version = "2.3.0"
source = { registry = "https://pypi.org/simple" }
sdist = { url = "https://files.pythonhosted.org/packages/72/34/14ca021ce8e5dfedc35312d08ba8bf51fdd999c576889fc2c24cb97f4f10/iniconfig-2.3.0.tar.gz", hash = "sha256:c76315c77db068650d49c5b56314774a7804df16fee4402c1f19d6d15d8c4730", size = 20503, upload-time = "2025-10-18T21:55:43.219Z" }
wheels = [
    { url = "https://files.pythonhosted.org/packages/cb/b1/3846dd7f199d53cb17f49cba7e651e9ce294d8497c8c150530ed11865bb8/iniconfig-2.3.0-py3-none-any.whl", hash = "sha256:f631c04d2c48c52b84d0d0549c99ff3859c98df65b3101406327ecc7d53fbf12", size = 7484, upload-time = "2025-10-18T21:55:41.639Z" },
]

[[package]]
name = "oxrdflib"
version = "0.5.0"
source = { registry = "https://pypi.org/simple" }
dependencies = [
    { name = "pyoxigraph" },
    { name = "rdflib" },
]
sdist = { url = "https://files.pythonhosted.org/packages/ec/97/589f244d9a12e033f5216595ef17e7975aabe7f906f709a3a8d1cde37288/oxrdflib-0.5.0.tar.gz", hash = "sha256:f83148e2c6d443f7718c6e8936c6b89e36ebb4f1002da69e8f0656e8fb5a0df2", size = 7708, upload-time = "2025-09-13T19:11:32.584Z" }
wheels = [
    { url = "https://files.pythonhosted.org/packages/c6/f7/9cee8d87f202f88d93179db083508c898deac42b235ff20ade1f456770a1/oxrdflib-0.5.0-py3-none-any.whl", hash = "sha256:dbe7b57bddca1b2acaf93c71ce3cf2022be8e673052e05ad317682cb9c56b559", size = 9925, upload-time = "2025-09-13T19:11:31.368Z" },
]

[[package]]
name = "packaging"
version = "26.2"
source = { registry = "https://pypi.org/simple" }
sdist = { url = "https://files.pythonhosted.org/packages/d7/f1/e7a6dd94a8d4a5626c03e4e99c87f241ba9e350cd9e6d75123f992427270/packaging-26.2.tar.gz", hash = "sha256:ff452ff5a3e828ce110190feff1178bb1f2ea2281fa2075aadb987c2fb221661", size = 228134, upload-time = "2026-04-24T20:15:23.917Z" }
wheels = [
    { url = "https://files.pythonhosted.org/packages/df/b2/87e62e8c3e2f4b32e5fe99e0b86d576da1312593b39f47d8ceef365e95ed/packaging-26.2-py3-none-any.whl", hash = "sha256:5fc45236b9446107ff2415ce77c807cee2862cb6fac22b8a73826d0693b0980e", size = 100195, upload-time = "2026-04-24T20:15:22.081Z" },
]

[[package]]
name = "pluggy"
version = "1.6.0"
source = { registry = "https://pypi.org/simple" }
sdist = { url = "https://files.pythonhosted.org/packages/f9/e2/3e91f31a7d2b083fe6ef3fa267035b518369d9511ffab804f839851d2779/pluggy-1.6.0.tar.gz", hash = "sha256:7dcc130b76258d33b90f61b658791dede3486c3e6bfb003ee5c9bfb396dd22f3", size = 69412, upload-time = "2025-05-15T12:30:07.975Z" }
wheels = [
    { url = "https://files.pythonhosted.org/packages/54/20/4d324d65cc6d9205fabedc306948156824eb9f0ee1633355a8f7ec5c66bf/pluggy-1.6.0-py3-none-any.whl", hash = "sha256:e920276dd6813095e9377c0bc5566d94c932c33b27a3e3945d8389c374dd4746", size = 20538, upload-time = "2025-05-15T12:30:06.134Z" },
]

[[package]]
name = "pygments"
version = "2.20.0"
source = { registry = "https://pypi.org/simple" }
sdist = { url = "https://files.pythonhosted.org/packages/c3/b2/bc9c9196916376152d655522fdcebac55e66de6603a76a02bca1b6414f6c/pygments-2.20.0.tar.gz", hash = "sha256:6757cd03768053ff99f3039c1a36d6c0aa0b263438fcab17520b30a303a82b5f", size = 4955991, upload-time = "2026-03-29T13:29:33.898Z" }
wheels = [
    { url = "https://files.pythonhosted.org/packages/f4/7e/a72dd26f3b0f4f2bf1dd8923c85f7ceb43172af56d63c7383eb62b332364/pygments-2.20.0-py3-none-any.whl", hash = "sha256:81a9e26dd42fd28a23a2d169d86d7ac03b46e2f8b59ed4698fb4785f946d0176", size = 1231151, upload-time = "2026-03-29T13:29:30.038Z" },
]

[[package]]
name = "pyoxigraph"
version = "0.5.9"
source = { registry = "https://pypi.org/simple" }
sdist = { url = "https://files.pythonhosted.org/packages/30/a8/a06280358352a5fddf8c0753af7ec679a223008448e0602671209db0a390/pyoxigraph-0.5.9.tar.gz", hash = "sha256:fe2bea0f41f5284b6dad99ea718d7ff03600068cdf8736b63a9e6cd05f056b19", size = 5302359, upload-time = "2026-06-18T17:09:13.897Z" }
wheels = [
    { url = "https://files.pythonhosted.org/packages/0a/17/dcf159e871c80d42c8a757e0a16850faf16b87c375d94c2623c2928b0df4/pyoxigraph-0.5.9-cp311-cp311-manylinux_2_28_aarch64.whl", hash = "sha256:baffb41d914b761b06cde61eeb0a35dd5f0fa4808f71ae9902fdd1179e70e553", size = 7682234, upload-time = "2026-06-18T17:08:12.118Z" },
    { url = "https://files.pythonhosted.org/packages/ec/cd/441573ae6b5e7bb347ddf1889e137c99192ea19ea698320650295967802b/pyoxigraph-0.5.9-cp311-cp311-manylinux_2_28_x86_64.whl", hash = "sha256:56b78aab5a5688ede88404372574785ba74e8d82b2cd1c0b0623a03b7069967f", size = 8200446, upload-time = "2026-06-18T17:08:14.102Z" },
    { url = "https://files.pythonhosted.org/packages/8e/cb/4d9122dc13626994197a1afa1620551b40e316e391bcf816d73d73673576/pyoxigraph-0.5.9-cp311-cp311-win_amd64.whl", hash = "sha256:eee3db30ecb6836fdc05ddcbc6aa79ed521afcbfa707a8561b7e5891c4fb4ff8", size = 5385125, upload-time = "2026-06-18T17:08:16.068Z" },
    { url = "https://files.pythonhosted.org/packages/d2/0f/3ae7a5cf9d4a2fab482ebe807316e18d55fea32cd52f0fff88fa6ece3f58/pyoxigraph-0.5.9-cp312-cp312-manylinux_2_28_aarch64.whl", hash = "sha256:6ab699861035163e89bc512ce20aa6e91b654e4d33114c9f5facab08f0fe3d7e", size = 7684369, upload-time = "2026-06-18T17:08:17.867Z" },
    { url = "https://files.pythonhosted.org/packages/bf/08/ea04c09eb740bee7eeb57ea1769ec4088bfd55b24fc6f931bea317a65512/pyoxigraph-0.5.9-cp312-cp312-manylinux_2_28_x86_64.whl", hash = "sha256:5a8a1b2debadb5fe79f8b89cbe1193e9c0e6fc1cf0c9431b6be706234beeabbe", size = 8202216, upload-time = "2026-06-18T17:08:19.95Z" },
    { url = "https://files.pythonhosted.org/packages/8c/c1/f03ecc4fb5a09b4e6632218dece98073f3c4f0cdfc4823aedaea0186aa82/pyoxigraph-0.5.9-cp312-cp312-win_amd64.whl", hash = "sha256:d04806073905f448a48811b217115e71224be7f1d4075d1f5f5ec07a016f42ae", size = 5388427, upload-time = "2026-06-18T17:08:21.916Z" },
    { url = "https://files.pythonhosted.org/packages/cc/1e/497bd58a038ca83ec289a56d35fcad2183f4a180c787aa04268d2a88d4fd/pyoxigraph-0.5.9-cp312-cp312-win_arm64.whl", hash = "sha256:379bef7f8fc38f638f358b1e12bc5bdc908a0e7d47157f4399bf103c727a66da", size = 5044584, upload-time = "2026-06-18T17:08:23.644Z" },
    { url = "https://files.pythonhosted.org/packages/cd/05/ac08fccf52372f4a91bb97d07c0dba8e3644616aa6907a5864a6a26bb3ae/pyoxigraph-0.5.9-cp313-cp313-manylinux_2_28_aarch64.whl", hash = "sha256:bcac65148bddcd0ae24ee1bf20a2e89cc225a926b9e9996eb64dcce60400d1a3", size = 7684737, upload-time = "2026-06-18T17:08:25.463Z" },
    { url = "https://files.pythonhosted.org/packages/65/b4/7493acbbbe18c9649782f1942d3877ab3f7ad08b5746153f2b4f4d62d2f7/pyoxigraph-0.5.9-cp313-cp313-manylinux_2_28_x86_64.whl", hash = "sha256:57f3619c7860f4c95ddab077e4a3dedb7ca4cf191bd81096db835264d414ec5b", size = 8202316, upload-time = "2026-06-18T17:08:27.467Z" },
    { url = "https://files.pythonhosted.org/packages/3b/b4/55368af8a83e7811d25155cf2fc62a814b77594aadb98d3906086b203e1c/pyoxigraph-0.5.9-cp313-cp313-win_amd64.whl", hash = "sha256:4f8ff48b873157ab38e2595a56d6d2008471a45853f5fffc645658c6f69c07db", size = 5390781, upload-time = "2026-06-18T17:08:29.277Z" },
    { url = "https://files.pythonhosted.org/packages/47/0e/ef38dc2ee3b6f89f356f3016c7dd3cf9b4b5153f934a841aa32bfcc594ac/pyoxigraph-0.5.9-cp313-cp313-win_arm64.whl", hash = "sha256:b829233ea4445ccd1032d02e9189432a77e16888a79313498aa501b8731dc925", size = 5046172, upload-time = "2026-06-18T17:08:31.25Z" },
    { url = "https://files.pythonhosted.org/packages/51/f5/7a97cf8fc761d55057a029725dcffef561390ed565a5504f895a409034f7/pyoxigraph-0.5.9-cp313-cp313t-win_amd64.whl", hash = "sha256:e9ca7cd7666336fcbafd9a2ec7d598dd859b7bd2ca7b0838a0f7b92dd3828c28", size = 5387927, upload-time = "2026-06-18T17:08:33.075Z" },
    { url = "https://files.pythonhosted.org/packages/5b/c3/c9a7dfb5fc6f60488f67214e79696a6b5312d612ed4dcc57a62363632f49/pyoxigraph-0.5.9-cp314-cp314-manylinux_2_28_aarch64.whl", hash = "sha256:f9154bea122c0bab11eda7604b27ceb424ab8ba1637250503008b8c6632ea405", size = 7682217, upload-time = "2026-06-18T17:08:34.851Z" },
    { url = "https://files.pythonhosted.org/packages/cb/23/f83d0af4504ac0f80bfe938eea04713c8801bf135f7b91bc52fff55b3e06/pyoxigraph-0.5.9-cp314-cp314-manylinux_2_28_x86_64.whl", hash = "sha256:4558d430bbad6e6b4ba98e0e89a2e28402211069d38e6e9b00083ae2d9d2d175", size = 8200691, upload-time = "2026-06-18T17:08:36.649Z" },
    { url = "https://files.pythonhosted.org/packages/12/36/b82fa34b525c27a0262ff1007af014706be4485158c9d7bd49fec14b84e3/pyoxigraph-0.5.9-cp314-cp314-win_amd64.whl", hash = "sha256:79caf78136a8312e506beb607910cc5a93662a05a173aa9b560ce9d08801384f", size = 5386008, upload-time = "2026-06-18T17:08:38.345Z" },
    { url = "https://files.pythonhosted.org/packages/7a/ca/3c1a7fc7fa5641173d6f91dc58e3cea47e7571716a9aafb909039e1f885b/pyoxigraph-0.5.9-cp314-cp314t-manylinux_2_28_aarch64.whl", hash = "sha256:917d976dcb813d613d0ddd7da1c9dec6ad02ee815015f393c703cf0804946653", size = 7675486, upload-time = "2026-06-18T17:08:40.171Z" },
    { url = "https://files.pythonhosted.org/packages/89/aa/0c7e0c2c07e29676f78bfc38a5712b0c4e087d0dbde72b4c6b54b47f231d/pyoxigraph-0.5.9-cp314-cp314t-manylinux_2_28_x86_64.whl", hash = "sha256:68f8daf082ea4bf9583abd10b64e23cd2c4a3285338a5ec24254181d45e63083", size = 8197760, upload-time = "2026-06-18T17:08:42.069Z" },
    { url = "https://files.pythonhosted.org/packages/aa/c5/c37b33219897bd1e016181644efc22f15abfa16fbf9ba6e3db7c7f55dc09/pyoxigraph-0.5.9-cp314-cp314t-win_amd64.whl", hash = "sha256:b8884b0ce3ccbac99ebc2c995614a13dc5f5d86b0adb847f36aeb1c713d12946", size = 5382226, upload-time = "2026-06-18T17:08:43.836Z" },
    { url = "https://files.pythonhosted.org/packages/27/d4/543c3a613f9b39ce06f0c052f36a0c5933157724176c04508e407e73fb98/pyoxigraph-0.5.9-cp38-abi3-macosx_10_14_x86_64.whl", hash = "sha256:8b998bc479a54a8905cdeaad621d0f7fed212abf9f1cbededfde4c51fc8e3bb8", size = 6306670, upload-time = "2026-06-18T17:08:45.616Z" },
    { url = "https://files.pythonhosted.org/packages/7e/28/080334bc7a4540a2102460f55557c04aadf9f2282c15896f4e9d998982d8/pyoxigraph-0.5.9-cp38-abi3-macosx_11_0_arm64.whl", hash = "sha256:5c9f93db5e14a03ac1e3934cece3fb6f7c0a9f4bde33082c72c788c12bf65ba4", size = 5786471, upload-time = "2026-06-18T17:08:48.314Z" },
    { url = "https://files.pythonhosted.org/packages/76/4f/50fd2f11b733eeea8f0c6c7804fc22d1bcf7a43ef8d61a1ad8f18a1f9ce4/pyoxigraph-0.5.9-cp38-abi3-manylinux_2_28_aarch64.whl", hash = "sha256:afe19bd1835a7245caad06cc9bb1a5c861882dc074fdfa24ba2626e3bbf9866a", size = 7683430, upload-time = "2026-06-18T17:08:50.397Z" },
    { url = "https://files.pythonhosted.org/packages/12/d7/80f6d4dd5aa7f02b6020e75216213460b84edd7e32d32155507523a04b2b/pyoxigraph-0.5.9-cp38-abi3-manylinux_2_28_x86_64.whl", hash = "sha256:3bd1925a8185320bcb8c549cccafbb423cc3957513890e6f420b8e355055052a", size = 8204009, upload-time = "2026-06-18T17:08:52.493Z" },
    { url = "https://files.pythonhosted.org/packages/82/94/da29a7d85340f119be878136507a8cbf4640ed5fe2b0dbc68fd67a1f807c/pyoxigraph-0.5.9-cp38-abi3-musllinux_1_2_aarch64.whl", hash = "sha256:f619aac7199b2ba91cade2fe69f64b4c73abb1e6b33735b0ff7205a753e609cd", size = 8865946, upload-time = "2026-06-18T17:08:54.477Z" },
    { url = "https://files.pythonhosted.org/packages/7a/42/222017d65d411f1993585d51b977b65680ecc0edbc28609f702a65107e65/pyoxigraph-0.5.9-cp38-abi3-musllinux_1_2_x86_64.whl", hash = "sha256:09071f6c08b9489723dec96e2d96f64a15b9be2d165d3bbf67d40712884ba7a3", size = 9414073, upload-time = "2026-06-18T17:08:57.435Z" },
    { url = "https://files.pythonhosted.org/packages/f2/8a/7ba44c596afa3377a9c75f6ff76de91e8e45a18df72d17cb74efbb02db92/pyoxigraph-0.5.9-cp38-abi3-win_amd64.whl", hash = "sha256:efd3d03bd2a36f9b0bdf3ce70d76ce5278c481fe961d14c2bb6efcac10f57ae2", size = 5391422, upload-time = "2026-06-18T17:08:59.508Z" },
    { url = "https://files.pythonhosted.org/packages/c5/46/b092a22596c7ed11b0b26b3dade2dede638fc6a3e61ee7e5168aa3481948/pyoxigraph-0.5.9-cp38-abi3-win_arm64.whl", hash = "sha256:94c2a8b52c1ed6e445a235a4f89cd460eea936f399d28df5e9927826bf52f032", size = 5048182, upload-time = "2026-06-18T17:09:01.419Z" },
    { url = "https://files.pythonhosted.org/packages/ac/1e/99b6d12597f3dd59ac17b88925bde71b1b7667139b5c55d4376e1db3e409/pyoxigraph-0.5.9-pp311-pypy311_pp73-manylinux_2_28_aarch64.whl", hash = "sha256:f39a6175a80a55c837981d4d68f42380071bb1d45af124de488fcc8a61a81af3", size = 7682650, upload-time = "2026-06-18T17:09:07.653Z" },
    { url = "https://files.pythonhosted.org/packages/87/61/a51a916969d75d5ccb7d1476fbbb9f67cca369fbc2bdf46575a7a399590b/pyoxigraph-0.5.9-pp311-pypy311_pp73-manylinux_2_28_x86_64.whl", hash = "sha256:71dba053e5efc0002fbd4ace3119b9d3aec8a6c5b164ed7409a2429bf71171b8", size = 8200433, upload-time = "2026-06-18T17:09:09.683Z" },
    { url = "https://files.pythonhosted.org/packages/aa/0f/800013ea344187b8cd98d34af827f2ac56ef02fb66c2026c525a8015261e/pyoxigraph-0.5.9-pp311-pypy311_pp73-win_amd64.whl", hash = "sha256:70ffb46ae49f52b18a49c3fb63d906ae9c189de4fe4dbf5453279bda4d27af4e", size = 5386457, upload-time = "2026-06-18T17:09:11.769Z" },
]

[[package]]
name = "pyparsing"
version = "3.3.2"
source = { registry = "https://pypi.org/simple" }
sdist = { url = "https://files.pythonhosted.org/packages/f3/91/9c6ee907786a473bf81c5f53cf703ba0957b23ab84c264080fb5a450416f/pyparsing-3.3.2.tar.gz", hash = "sha256:c777f4d763f140633dcb6d8a3eda953bf7a214dc4eff598413c070bcdc117cbc", size = 6851574, upload-time = "2026-01-21T03:57:59.36Z" }
wheels = [
    { url = "https://files.pythonhosted.org/packages/10/bd/c038d7cc38edc1aa5bf91ab8068b63d4308c66c4c8bb3cbba7dfbc049f9c/pyparsing-3.3.2-py3-none-any.whl", hash = "sha256:850ba148bd908d7e2411587e247a1e4f0327839c40e2e5e6d05a007ecc69911d", size = 122781, upload-time = "2026-01-21T03:57:55.912Z" },
]

[[package]]
name = "pytest"
version = "9.1.1"
source = { registry = "https://pypi.org/simple" }
dependencies = [
    { name = "colorama", marker = "sys_platform == 'win32'" },
    { name = "iniconfig" },
    { name = "packaging" },
    { name = "pluggy" },
    { name = "pygments" },
]
sdist = { url = "https://files.pythonhosted.org/packages/e4/47/b9efed96c114afcfa3c9d3fe98a76a1d14c74a9e266d397cf6eb64be5e01/pytest-9.1.1.tar.gz", hash = "sha256:1088fbde8f2b49d95a549a195707afa7a76a3ce9bcadc26b6d71f0ffda5fe313", size = 1636369, upload-time = "2026-06-19T10:58:32.857Z" }
wheels = [
    { url = "https://files.pythonhosted.org/packages/24/25/1de2678b631f5a49215c6c96fff41ba892b0a34df68d6d80292b1b48aa7f/pytest-9.1.1-py3-none-any.whl", hash = "sha256:37a86b45efb9a47a61a36449063e8e18d0cab3161329fc099eb21783169c4f0c", size = 386536, upload-time = "2026-06-19T10:58:31.347Z" },
]

[[package]]
name = "rdflib"
version = "7.6.0"
source = { registry = "https://pypi.org/simple" }
dependencies = [
    { name = "pyparsing" },
]
sdist = { url = "https://files.pythonhosted.org/packages/98/f5/18bb77b7af9526add0c727a3b2048959847dc5fb030913e2918bf384fec3/rdflib-7.6.0.tar.gz", hash = "sha256:6c831288d5e4a5a7ece85d0ccde9877d512a3d0f02d7c06455d00d6d0ea379df", size = 4943826, upload-time = "2026-02-13T07:15:55.938Z" }
wheels = [
    { url = "https://files.pythonhosted.org/packages/10/c2/6604a71269e0c1bd75656d5a001432d16f2cc5b8c057140ec797155c295e/rdflib-7.6.0-py3-none-any.whl", hash = "sha256:30c0a3ebf4c0e09215f066be7246794b6492e054e782d7ac2a34c9f70a15e0dd", size = 615416, upload-time = "2026-02-13T07:15:46.487Z" },
]

[[package]]
name = "ruff"
version = "0.16.0"
source = { registry = "https://pypi.org/simple" }
sdist = { url = "https://files.pythonhosted.org/packages/4d/94/1e5e4967626faf12fa56999cd6222dff6992ceb086ad7945756baf70c7a7/ruff-0.16.0.tar.gz", hash = "sha256:e460aafd5495ec89efaa6ced2e4a9a581116451e1c88b9d37ef497e0f8e93982", size = 4790557, upload-time = "2026-07-23T19:11:30.981Z" }
wheels = [
    { url = "https://files.pythonhosted.org/packages/4b/81/1c8818fee7ce1a04cd7d1b3172e0a8f8e4f1dc4feb7fc390e16daa8af323/ruff-0.16.0-py3-none-linux_armv6l.whl", hash = "sha256:e5115729eb08c585e5121978ba5d5b60caeae394ce21b9fb5e6cd33a1c6c9b1e", size = 10754633, upload-time = "2026-07-23T19:10:46.415Z" },
    { url = "https://files.pythonhosted.org/packages/23/df/beaf59c09d68db84304d555f188b276a77132a5d5b0b67a5c762aa143628/ruff-0.16.0-py3-none-macosx_10_12_x86_64.whl", hash = "sha256:3c954b1d580bfa035b41654f7858cc7e71d5fc3ac5b723dd62bd9133830ed522", size = 10969164, upload-time = "2026-07-23T19:10:50.271Z" },
    { url = "https://files.pythonhosted.org/packages/42/ce/741cd197496a1abbf51352710fd15ed995d2a2be87189c1da26a450d6e83/ruff-0.16.0-py3-none-macosx_11_0_arm64.whl", hash = "sha256:e01c21d10eb1b29f47b7454e1f4056db9a3f0260c646aa88457c610291db9f81", size = 10488846, upload-time = "2026-07-23T19:10:52.639Z" },
    { url = "https://files.pythonhosted.org/packages/52/2a/a2db8e88cade358f5cdcb05674a917751074109315d014eb6352d9a893f7/ruff-0.16.0-py3-none-manylinux_2_17_aarch64.manylinux2014_aarch64.whl", hash = "sha256:6e364e5ed22ed8dc05082fd78e35308618260907ac2d3c1d637b2e682415b6c9", size = 10889729, upload-time = "2026-07-23T19:10:54.89Z" },
    { url = "https://files.pythonhosted.org/packages/42/65/62a771694ebd63029dc953e27dbad40e1588bd4860ff9fe881018fddaa49/ruff-0.16.0-py3-none-manylinux_2_17_armv7l.manylinux2014_armv7l.whl", hash = "sha256:d327b8fc113a1d4421a04f3839d3752057c8dd1ee320223a6f3f52d04ada462a", size = 10568275, upload-time = "2026-07-23T19:10:56.993Z" },
    { url = "https://files.pythonhosted.org/packages/3f/e2/ced249fe8af5f086c5c58cc21cc3356d50f32f7401c5df87050c999620a7/ruff-0.16.0-py3-none-manylinux_2_17_i686.manylinux2014_i686.whl", hash = "sha256:a9b50c55e263103586b3dcf5f73d479eb8cb5fdb6098fec59a62891dab653717", size = 11385112, upload-time = "2026-07-23T19:10:59.615Z" },
    { url = "https://files.pythonhosted.org/packages/87/0b/05154977a8fd69eeb6c103271f55403bfd8711f5c0f8ed07489d95a504e7/ruff-0.16.0-py3-none-manylinux_2_17_ppc64le.manylinux2014_ppc64le.whl", hash = "sha256:0ff4a79ce3ec0172f3241943835de1c4cb4e2dcd07f0f8c2d02603dbbbee4b17", size = 12207008, upload-time = "2026-07-23T19:11:02.154Z" },
    { url = "https://files.pythonhosted.org/packages/fb/29/98225831a3a1eab0e02f4acc6ca6559a98611dcc68b6965ff4b7234627c1/ruff-0.16.0-py3-none-manylinux_2_17_s390x.manylinux2014_s390x.whl", hash = "sha256:e95c448fca1fb2a18372a9440926c5a6ee789639bb975c72e7ae6d0b04218ab4", size = 11650842, upload-time = "2026-07-23T19:11:04.557Z" },
    { url = "https://files.pythonhosted.org/packages/91/66/6bd3cf90500653d55dc0ffc8507aa8300bd49d0214b2e8cb4d3fef2943ba/ruff-0.16.0-py3-none-manylinux_2_17_x86_64.manylinux2014_x86_64.whl", hash = "sha256:4f11a8d11010301d0a398a2fdef67691feca7294da6aef55e2150e8fa2cd520b", size = 11400718, upload-time = "2026-07-23T19:11:09.233Z" },
    { url = "https://files.pythonhosted.org/packages/8e/a2/a54eb4eae05d66364050a5d3b8a9c5ef88196531b3cbe7109d873f87f819/ruff-0.16.0-py3-none-manylinux_2_31_riscv64.whl", hash = "sha256:48044c678e9cb8698246c99b14aaccfa6601dea7379eb48a6f8f73f7a6d86cd0", size = 11426177, upload-time = "2026-07-23T19:11:11.994Z" },
    { url = "https://files.pythonhosted.org/packages/1a/be/16e3eea4b2a478a496919f5e36f17c4559e54620bd3bbac5d6affa068006/ruff-0.16.0-py3-none-musllinux_1_2_aarch64.whl", hash = "sha256:7aa0959bad8eb8bef50340154fc9b58678dae31fa4293afa38b44b6e552c0213", size = 10856126, upload-time = "2026-07-23T19:11:14.221Z" },
    { url = "https://files.pythonhosted.org/packages/a2/84/252eb8b868a16eec7257c14f504f77537e734b2d69c762e639e588e304a3/ruff-0.16.0-py3-none-musllinux_1_2_armv7l.whl", hash = "sha256:28ea2b7df8ebf7f9da6b7d47b230ab48f387c0a29be3b474c4d0740e197bb9af", size = 10571208, upload-time = "2026-07-23T19:11:16.378Z" },
    { url = "https://files.pythonhosted.org/packages/21/09/817a482f542f7570cbb4554b26e896610c7114f539b1d9e2d2145bf6bef6/ruff-0.16.0-py3-none-musllinux_1_2_i686.whl", hash = "sha256:33a3dfac8c35f81498dea9181bccc2f4c4bc8f1521a1dd9406e77643e0f0fb09", size = 11063329, upload-time = "2026-07-23T19:11:19.173Z" },
    { url = "https://files.pythonhosted.org/packages/2e/23/9403c180ca1cb9b1f7335f5c3e5305c09d49ea5b345196682a36028bde4a/ruff-0.16.0-py3-none-musllinux_1_2_x86_64.whl", hash = "sha256:a5237a0bda500d30d81b8e07a6973a5cbc772864cbf746ae2f4e8a2e01c9f4ed", size = 11489751, upload-time = "2026-07-23T19:11:21.74Z" },
    { url = "https://files.pythonhosted.org/packages/b2/1d/1b2ef7bcde851c78d7f17f1cca13fd6dc695fc4b3d6197941e72cae5b132/ruff-0.16.0-py3-none-win32.whl", hash = "sha256:7fab76fa065c873f41ff744347c6e77bcc3dfec4bcc754dc26b63d23c0f7f5fb", size = 10785885, upload-time = "2026-07-23T19:11:23.947Z" },
    { url = "https://files.pythonhosted.org/packages/b2/a3/d5e4ef7a56be3f928ffb90b94c25ba7d3cb9c7fe0736aeaaedf361770712/ruff-0.16.0-py3-none-win_amd64.whl", hash = "sha256:429c117f022bf481fabd9d551e7a3952b24c65e6ef44337ea09d90bebef14472", size = 11923141, upload-time = "2026-07-23T19:11:26.409Z" },
    { url = "https://files.pythonhosted.org/packages/cb/9a/8415f2657cbe200f41a4531ccededf135505a92d4a012229121f885b26f9/ruff-0.16.0-py3-none-win_arm64.whl", hash = "sha256:14296fedcd2705c77ab8235439278bbb38f285cf7da5528b00b3e330c3d4872d", size = 11273407, upload-time = "2026-07-23T19:11:28.705Z" },
]

[[package]]
name = "ty"
version = "0.0.65"
source = { registry = "https://pypi.org/simple" }
sdist = { url = "https://files.pythonhosted.org/packages/d6/54/cf561927e8e9ab5c1892a833b664aa9cd6f051a75f6280c66d8047246bda/ty-0.0.65.tar.gz", hash = "sha256:b7134bffcc00b715fa8291e84d845782ced810a998dc1f7f11d71c85c4046325", size = 6460098, upload-time = "2026-07-29T18:31:03.27Z" }
wheels = [
    { url = "https://files.pythonhosted.org/packages/7b/4e/71e2d325d2b53a1afad81624ad076b2ede413213fc4a18cb05b78c568571/ty-0.0.65-py3-none-linux_armv6l.whl", hash = "sha256:dc556c9f05408bef4c4ef02b2cc382e4e5f797b4b20d64410289848f0d76705f", size = 12298466, upload-time = "2026-07-29T18:30:12.744Z" },
    { url = "https://files.pythonhosted.org/packages/57/77/fec8f29647c55794efa430a7f365e44f5ce7ffb6459d9445a87fac569bec/ty-0.0.65-py3-none-macosx_10_12_x86_64.whl", hash = "sha256:29d2e0d34cc0a28a17ef0cf81135c5ebabc3562131f9079138ba5e7bae0f56bd", size = 11942421, upload-time = "2026-07-29T18:30:16.076Z" },
    { url = "https://files.pythonhosted.org/packages/13/09/7f3766aef9dc627e2698cf4e3e59cf53389dcae3812040d33c1aa931230f/ty-0.0.65-py3-none-macosx_11_0_arm64.whl", hash = "sha256:685f49a9312bbf69d5b65bbb66384fed1f927403ea030c217b9289092d7e46c4", size = 11451922, upload-time = "2026-07-29T18:30:19.155Z" },
    { url = "https://files.pythonhosted.org/packages/cb/7b/1a77cd50e0befb50f55b8bf9bd3ed3eddf184bf28c61b56727039e0774fc/ty-0.0.65-py3-none-manylinux_2_17_aarch64.manylinux2014_aarch64.whl", hash = "sha256:6f564b5ebe78e2f3a8e7b8eacb1292eb88b7c0f3c8630671cfca31abc0709cd9", size = 11994999, upload-time = "2026-07-29T18:30:22.315Z" },
    { url = "https://files.pythonhosted.org/packages/63/7b/feda16f3a4a0a99be27431e0c9598eeeec0db1eb2fec9a15976698209418/ty-0.0.65-py3-none-manylinux_2_17_armv7l.manylinux2014_armv7l.whl", hash = "sha256:c983e156fe9e113fb56389e13d327b6b8549fe866de9b269684723a88e9b732d", size = 12090662, upload-time = "2026-07-29T18:30:24.93Z" },
    { url = "https://files.pythonhosted.org/packages/ed/3e/3f69bf9c9307dbdc0771719f65ce5b556e7bdeeaccbdd599d4f57866d801/ty-0.0.65-py3-none-manylinux_2_17_i686.manylinux2014_i686.whl", hash = "sha256:e3663b7396e8b1a9954e20e732de7ccb0192bf4118473069b4945920d6923921", size = 12822094, upload-time = "2026-07-29T18:30:28.012Z" },
    { url = "https://files.pythonhosted.org/packages/90/38/8fa791b3bb503ee2b46ad81690cd1bdd54519582df6d805cee57fe143e85/ty-0.0.65-py3-none-manylinux_2_17_ppc64le.manylinux2014_ppc64le.whl", hash = "sha256:306ed01f29d6e108e98feb233dbbf5878a027603b71bd3743b343977933a9f16", size = 13357833, upload-time = "2026-07-29T18:30:31.122Z" },
    { url = "https://files.pythonhosted.org/packages/c1/73/4dda396a201e1dd0ed3594a9b48e559cb41c4bc048c6cd4c4d1b39eb4313/ty-0.0.65-py3-none-manylinux_2_17_s390x.manylinux2014_s390x.whl", hash = "sha256:28bcfc8898c94f079a9100e684bcf312b6a64ad3a7d4ebb35a4591546030a2cd", size = 12977303, upload-time = "2026-07-29T18:30:33.944Z" },
    { url = "https://files.pythonhosted.org/packages/a5/26/c250c2c569adc53a8591716641388397bcb2a442e4a30b952ae81b50c0e0/ty-0.0.65-py3-none-manylinux_2_17_x86_64.manylinux2014_x86_64.whl", hash = "sha256:5a75bd0c245c38802a8f488378e74f92feb7dd33db7d63fbdd6fdf82791ba730", size = 12579338, upload-time = "2026-07-29T18:30:37.199Z" },
    { url = "https://files.pythonhosted.org/packages/d3/94/4a5647d44753ca218fc930d7e4d9bf468d0ed4a0ad4b3d57588bc1bbacf7/ty-0.0.65-py3-none-manylinux_2_31_riscv64.whl", hash = "sha256:9e5e1bdea9662d2b5312b4e99f319f4e6e2ea427511b5fbc546141b79ec53f76", size = 12957731, upload-time = "2026-07-29T18:30:39.937Z" },
    { url = "https://files.pythonhosted.org/packages/36/b6/1e22fa11a1e0dfb20b1c7f3cbfd8170273aada2a82f9ecd3055275370c44/ty-0.0.65-py3-none-musllinux_1_2_aarch64.whl", hash = "sha256:03a88493d4842889f65280ae241e06b399d57eb3c63571054cad21a4c33b3b69", size = 11938625, upload-time = "2026-07-29T18:30:42.603Z" },
    { url = "https://files.pythonhosted.org/packages/5c/0a/fe5f22ef62b193201bc5566762e22049762cd485bfafb5095a7050760054/ty-0.0.65-py3-none-musllinux_1_2_armv7l.whl", hash = "sha256:600b8bf6f4940cf7ffb2f43d3716faaf38dcb97cd8617c55771451bc0276408f", size = 12105592, upload-time = "2026-07-29T18:30:45.419Z" },
    { url = "https://files.pythonhosted.org/packages/76/fd/922b3a6e9d697452cdbb4b7e3f636868add5ec652154518a736e4364f3b7/ty-0.0.65-py3-none-musllinux_1_2_i686.whl", hash = "sha256:0c28007bc79d648c1ddaf1e65885d07baec48eb87240da442f608e4107c1b7d8", size = 12387335, upload-time = "2026-07-29T18:30:48.405Z" },
    { url = "https://files.pythonhosted.org/packages/77/22/a1a08ebc84c083db2fb55e3b5cd186db0c067692f4921146f601360231e2/ty-0.0.65-py3-none-musllinux_1_2_x86_64.whl", hash = "sha256:c852da96091ad22361e6586b7c7ba98e1334dcd4d8ffb67e47f4fb673de33f77", size = 12682710, upload-time = "2026-07-29T18:30:51.364Z" },
    { url = "https://files.pythonhosted.org/packages/81/14/eaaa410a25bbdea19722109b5422380a0e211b3afcf3071d15953ddbd5db/ty-0.0.65-py3-none-win32.whl", hash = "sha256:cf529d538f1403b14b0511e6ec3cdb95d3d974adabf24cc76cedc533368c3edc", size = 11692341, upload-time = "2026-07-29T18:30:54.35Z" },
    { url = "https://files.pythonhosted.org/packages/bc/0f/6d48f206dce9d7e53fe3b5ea0f0ab5800dd9d2365b2b48f736783436c43f/ty-0.0.65-py3-none-win_amd64.whl", hash = "sha256:234a321e33c7cbbfbd67bfa0b01b685dd9c21f1841781a21e5ca1fa0b25f1d5d", size = 12729355, upload-time = "2026-07-29T18:30:57.275Z" },
    { url = "https://files.pythonhosted.org/packages/96/aa/7446f7725e303cf78e058c893af1f0552b9451895454908706f4c6c3494b/ty-0.0.65-py3-none-win_arm64.whl", hash = "sha256:b9424be1ec56d93ff18609fb1c0a0a2283fe1282cd6d1c7604f97d73b94d61f2", size = 12051375, upload-time = "2026-07-29T18:31:00.579Z" },
]

[[package]]
name = "vortex-rdf"
version = "0.10.0"
source = { registry = "https://pypi.org/simple" }
sdist = { url = "https://files.pythonhosted.org/packages/d5/a9/530edb05b324963ce48d2f3c3c4ad20577248aecaace6078a231ee34f071/vortex_rdf-0.10.0.tar.gz", hash = "sha256:da164b03f2a2f4bb4bfe12d0b2f663cda4be7e968a32917cc6d6e91d9e88ed6e", size = 416226, upload-time = "2026-08-28T12:50:27.791Z" }
wheels = [
    { url = "https://files.pythonhosted.org/packages/8d/29/0a89b1216427bc39e77f663309924ce4770f0040829eb78f3a101cdcf895/vortex_rdf-0.10.0-cp311-abi3-macosx_10_12_x86_64.whl", hash = "sha256:dafe84c46a4f3385ab40090ce7451731329923416e5aa2ccca8dd9ef6bf41184", size = 12530410, upload-time = "2026-08-28T12:50:15.161Z" },
    { url = "https://files.pythonhosted.org/packages/25/e9/9ddc9a04cf577afb7e78b6ce62376f5e83130b226c0a36eb0317d90ccb82/vortex_rdf-0.10.0-cp311-abi3-macosx_11_0_arm64.whl", hash = "sha256:a379134ba63f17ede3d2cc475191b0119dbab9cdd43bc4848f79d5919fee9391", size = 12031661, upload-time = "2026-08-28T12:50:18.014Z" },
    { url = "https://files.pythonhosted.org/packages/da/da/4f063af3704ca51fd43e42f2df748b8adaed1da5c15093f7f7cd26dd0ade/vortex_rdf-0.10.0-cp311-abi3-manylinux_2_28_aarch64.whl", hash = "sha256:97d5d5393c2eca6d06ce0f3e805127b4cc04a93dfccdcdd5a70beef688d70f02", size = 11420691, upload-time = "2026-08-28T12:50:20.259Z" },
    { url = "https://files.pythonhosted.org/packages/f0/b8/c45fc67d3ecee87a3eea2b7d9fb384d3c09c9e8dc0ac1e6b9f035aaaff79/vortex_rdf-0.10.0-cp311-abi3-manylinux_2_28_x86_64.whl", hash = "sha256:676da23a0829fbf76bb773b3473ea3ac7ad8019e76cd498bcc138e099b215256", size = 12660942, upload-time = "2026-08-28T12:50:22.759Z" },
    { url = "https://files.pythonhosted.org/packages/04/56/59ee561d496e934c2200c4ba0d04d77efb6aaaed9f8f7f787eb47edf2847/vortex_rdf-0.10.0-cp311-abi3-win_amd64.whl", hash = "sha256:b9b10816bc3ef41c9eebcb23c5f8732d86b0fc3c1daceb6377e05b8e5c0dd9b6", size = 13208509, upload-time = "2026-08-28T12:50:25.26Z" },
]

[[package]]
name = "vortex-rdflib"
version = "0.1.0"
source = { editable = "." }
dependencies = [
    { name = "rdflib" },
    { name = "vortex-rdf" },
]

[package.dev-dependencies]
bench = [
    { name = "oxrdflib" },
]
dev = [
    { name = "pytest" },
    { name = "ruff" },
    { name = "ty" },
]

[package.metadata]
requires-dist = [
    { name = "rdflib", specifier = ">=7,<8" },
    { name = "vortex-rdf", specifier = ">=0.10,<0.11" },
]

[package.metadata.requires-dev]
bench = [{ name = "oxrdflib", specifier = ">=0.4" }]
dev = [
    { name = "pytest", specifier = ">=8" },
    { name = "ruff", specifier = ">=0.16" },
    { name = "ty", specifier = ">=0.0.60" },
]
