version = 1
revision = 3
requires-python = ">=3.11"

[[package]]
name = "colorama"
version = "0.4.6"
source = { registry = "https://pypi.org/simple" }
sdist = { url = "https://files.pythonhosted.org/packages/d8/53/6f443c9a4a8358a93a6792e2acffb9d9d5cb0a5cfd8802644b7b1c9a02e4/colorama-0.4.6.tar.gz", hash = "sha256:08695f5cb7ed6e0531a20572697297273c47b8cae5a63ffc6d6ed5c201be6e44", size = 27697, upload-time = "2022-10-25T02:36:22.414Z" }
wheels = [
    { url = "https://files.pythonhosted.org/packages/d1/d6/3965ed04c63042e047cb6a3e6ed1a63a35087b6a609aa3a15ed8ac56c221/colorama-0.4.6-py2.py3-none-any.whl", hash = "sha256:4f1d9991f5acc0ca119f9d443620b77f9d6b33703e51011c16baf57afb285fc6", size = 25335, upload-time = "2022-10-25T02:36:20.889Z" },
]

[[package]]
name = "iniconfig"
version = "2.3.0"
source = { registry = "https://pypi.org/simple" }
sdist = { url = "https://files.pythonhosted.org/packages/72/34/14ca021ce8e5dfedc35312d08ba8bf51fdd999c576889fc2c24cb97f4f10/iniconfig-2.3.0.tar.gz", hash = "sha256:c76315c77db068650d49c5b56314774a7804df16fee4402c1f19d6d15d8c4730", size = 20503, upload-time = "2025-10-18T21:55:43.219Z" }
wheels = [
    { url = "https://files.pythonhosted.org/packages/cb/b1/3846dd7f199d53cb17f49cba7e651e9ce294d8497c8c150530ed11865bb8/iniconfig-2.3.0-py3-none-any.whl", hash = "sha256:f631c04d2c48c52b84d0d0549c99ff3859c98df65b3101406327ecc7d53fbf12", size = 7484, upload-time = "2025-10-18T21:55:41.639Z" },
]

[[package]]
name = "markdown-it-py"
version = "4.2.0"
source = { registry = "https://pypi.org/simple" }
dependencies = [
    { name = "mdurl" },
]
sdist = { url = "https://files.pythonhosted.org/packages/06/ff/7841249c247aa650a76b9ee4bbaeae59370dc8bfd2f6c01f3630c35eb134/markdown_it_py-4.2.0.tar.gz", hash = "sha256:04a21681d6fbb623de53f6f364d352309d4094dd4194040a10fd51833e418d49", size = 82454, upload-time = "2026-05-07T12:08:28.36Z" }
wheels = [
    { url = "https://files.pythonhosted.org/packages/b3/81/4da04ced5a082363ecfa159c010d200ecbd959ae410c10c0264a38cac0f5/markdown_it_py-4.2.0-py3-none-any.whl", hash = "sha256:9f7ebbcd14fe59494226453aed97c1070d83f8d24b6fc3a3bcf9a38092641c4a", size = 91687, upload-time = "2026-05-07T12:08:27.182Z" },
]

[[package]]
name = "mdurl"
version = "0.1.2"
source = { registry = "https://pypi.org/simple" }
sdist = { url = "https://files.pythonhosted.org/packages/d6/54/cfe61301667036ec958cb99bd3efefba235e65cdeb9c84d24a8293ba1d90/mdurl-0.1.2.tar.gz", hash = "sha256:bb413d29f5eea38f31dd4754dd7377d4465116fb207585f97bf925588687c1ba", size = 8729, upload-time = "2022-08-14T12:40:10.846Z" }
wheels = [
    { url = "https://files.pythonhosted.org/packages/b3/38/89ba8ad64ae25be8de66a6d463314cf1eb366222074cfda9ee839c56a4b4/mdurl-0.1.2-py3-none-any.whl", hash = "sha256:84008a41e51615a49fc9966191ff91509e3c40b939176e643fd50a5c2196b8f8", size = 9979, upload-time = "2022-08-14T12:40:09.779Z" },
]

[[package]]
name = "oxrdflib"
version = "0.5.0"
source = { registry = "https://pypi.org/simple" }
dependencies = [
    { name = "pyoxigraph" },
    { name = "rdflib" },
]
sdist = { url = "https://files.pythonhosted.org/packages/ec/97/589f244d9a12e033f5216595ef17e7975aabe7f906f709a3a8d1cde37288/oxrdflib-0.5.0.tar.gz", hash = "sha256:f83148e2c6d443f7718c6e8936c6b89e36ebb4f1002da69e8f0656e8fb5a0df2", size = 7708, upload-time = "2025-09-13T19:11:32.584Z" }
wheels = [
    { url = "https://files.pythonhosted.org/packages/c6/f7/9cee8d87f202f88d93179db083508c898deac42b235ff20ade1f456770a1/oxrdflib-0.5.0-py3-none-any.whl", hash = "sha256:dbe7b57bddca1b2acaf93c71ce3cf2022be8e673052e05ad317682cb9c56b559", size = 9925, upload-time = "2025-09-13T19:11:31.368Z" },
]

[[package]]
name = "packaging"
version = "26.3"
source = { registry = "https://pypi.org/simple" }
sdist = { url = "https://files.pythonhosted.org/packages/7d/fa/3944b40b07da9ce895c0e6303a5ab7d53da063554f534556b134a54d6093/packaging-26.3.tar.gz", hash = "sha256:94edc256424af38762eb31306eed28beb9f0efc50a8837492c9d6fd6004aed79", size = 313412, upload-time = "2026-08-04T18:15:28.737Z" }
wheels = [
    { url = "https://files.pythonhosted.org/packages/63/34/ba1c580383c9eada3711951fef0795c80b829a078d72188184bcab9dd527/packaging-26.3-py3-none-any.whl", hash = "sha256:d7193f7c8e4e93f444fde0262bf90af30e16fa0ad0ad44cb553c87339b23cd1c", size = 129956, upload-time = "2026-08-04T18:15:27.159Z" },
]

[[package]]
name = "pluggy"
version = "1.6.0"
source = { registry = "https://pypi.org/simple" }
sdist = { url = "https://files.pythonhosted.org/packages/f9/e2/3e91f31a7d2b083fe6ef3fa267035b518369d9511ffab804f839851d2779/pluggy-1.6.0.tar.gz", hash = "sha256:7dcc130b76258d33b90f61b658791dede3486c3e6bfb003ee5c9bfb396dd22f3", size = 69412, upload-time = "2025-05-15T12:30:07.975Z" }
wheels = [
    { url = "https://files.pythonhosted.org/packages/54/20/4d324d65cc6d9205fabedc306948156824eb9f0ee1633355a8f7ec5c66bf/pluggy-1.6.0-py3-none-any.whl", hash = "sha256:e920276dd6813095e9377c0bc5566d94c932c33b27a3e3945d8389c374dd4746", size = 20538, upload-time = "2025-05-15T12:30:06.134Z" },
]

[[package]]
name = "pygments"
version = "2.21.0"
source = { registry = "https://pypi.org/simple" }
sdist = { url = "https://files.pythonhosted.org/packages/49/2e/ced460408999b33da6b31b0021b0f37d329e202d4169aeb164493778f25b/pygments-2.21.0.tar.gz", hash = "sha256:610ca751c9bc2492b38eb9a38a7fbc93edbbb2d7182edaf34e66ae493dee5c8c", size = 5005329, upload-time = "2026-08-17T08:02:48.824Z" }
wheels = [
    { url = "https://files.pythonhosted.org/packages/71/46/17f022dd3e953bf20a04a028a21ec746d942f8d2af30fa0f124fa0e6a684/pygments-2.21.0-py3-none-any.whl", hash = "sha256:2363c69b61c4a97c838da3b130dcd6468f4848992b21a82f2a63ec34377137d9", size = 1250147, upload-time = "2026-08-17T08:02:44.912Z" },
]

[[package]]
name = "pyoxigraph"
version = "0.5.11"
source = { registry = "https://pypi.org/simple" }
sdist = { url = "https://files.pythonhosted.org/packages/52/bb/df1eebcf8cfe6783a63b871f53bddeb461cac663505b18028ad44f0ccabf/pyoxigraph-0.5.11.tar.gz", hash = "sha256:2b7d9bf02e7ed89cb0cbcf6c376aef361f1c3c9de49a7a8fb3ac231544bb6ba8", size = 5303115, upload-time = "2026-09-02T20:05:42.8Z" }
wheels = [
    { url = "https://files.pythonhosted.org/packages/1c/21/9ba2fce9a17d70806694283b2681f050000b85aa98ffb22ad031314ccede/pyoxigraph-0.5.11-cp311-cp311-manylinux_2_28_aarch64.whl", hash = "sha256:32ea926c2b4863c8a9e419dfecb7c1ee0a267374935e9d0f664545c6e8daa385", size = 7682147, upload-time = "2026-09-02T20:04:42.029Z" },
    { url = "https://files.pythonhosted.org/packages/fc/2b/827e88a9fae551a844a31914fda00d2df94b4af81a0e63638347436484c8/pyoxigraph-0.5.11-cp311-cp311-manylinux_2_28_x86_64.whl", hash = "sha256:e23557d3c584d81b7ad6eda6f95b202685940d1580a44b3e5da8ea1ede0f05e4", size = 8180435, upload-time = "2026-09-02T20:04:44.174Z" },
    { url = "https://files.pythonhosted.org/packages/df/7d/5364558240de82c6251260b149ff2f14b81bac3b69a8e63c3ec04b84b61d/pyoxigraph-0.5.11-cp311-cp311-win_amd64.whl", hash = "sha256:00d2735aa4b754f1284a6c22aaa3881db7de5df9c63584356836a2b5bcea3705", size = 5420824, upload-time = "2026-09-02T20:04:46.275Z" },
    { url = "https://files.pythonhosted.org/packages/19/a6/d074486e9dc33ba3e7ebe1dced90e79f0fe220bf5c8720335c151f208a0c/pyoxigraph-0.5.11-cp312-cp312-manylinux_2_28_aarch64.whl", hash = "sha256:e405b50389c0b41601516479fb81030dcada459a1b01d204371f09e6283c6c76", size = 7682857, upload-time = "2026-09-02T20:04:48.058Z" },
    { url = "https://files.pythonhosted.org/packages/76/72/58d553f050049ef2666abca85bc60ebaf1b4ca972d73e74b80e0a8b6070c/pyoxigraph-0.5.11-cp312-cp312-manylinux_2_28_x86_64.whl", hash = "sha256:e3097d62e4fb903238ef074744ecf54c4328cf20e7787e925e670f6f7d33d345", size = 8185478, upload-time = "2026-09-02T20:04:49.86Z" },
    { url = "https://files.pythonhosted.org/packages/c6/91/f4e5dbfef1fc44fa673f7f614d9fe619372fa1a364c9bb11dbdd3f662639/pyoxigraph-0.5.11-cp312-cp312-win_amd64.whl", hash = "sha256:11bdebeb6d1725a885d39bd2c8d31927c2f375c23375f6a61c85e5802809e217", size = 5426489, upload-time = "2026-09-02T20:04:51.83Z" },
    { url = "https://files.pythonhosted.org/packages/ac/33/6a5fe4bf238753c620c5c6f7e53b9b912488c792a2c1c47367077825304a/pyoxigraph-0.5.11-cp312-cp312-win_arm64.whl", hash = "sha256:d4847b3ba44796e2f796e939c89ebc6b0a37f8d70e02b4843d75e4ef01117d5f", size = 5082561, upload-time = "2026-09-02T20:04:53.464Z" },
    { url = "https://files.pythonhosted.org/packages/f3/70/470f1fd094ad6931e6c63b1130ff75000f2e01d69d75e293c0d2910bebdf/pyoxigraph-0.5.11-cp313-cp313-manylinux_2_28_aarch64.whl", hash = "sha256:f2e94296ce723ed030784a79c02f7e780522588840c5a8c44e118bd7c0d280a4", size = 7683421, upload-time = "2026-09-02T20:04:55.259Z" },
    { url = "https://files.pythonhosted.org/packages/2c/0a/4ee81724aa7817aa0d15d762c8acec8a90cc0e843f57c883d2e108afe543/pyoxigraph-0.5.11-cp313-cp313-manylinux_2_28_x86_64.whl", hash = "sha256:3de0588f90a467fe2467ec76588bccb8c18e57f05f63c89b6ea921b057b37365", size = 8186692, upload-time = "2026-09-02T20:04:57.22Z" },
    { url = "https://files.pythonhosted.org/packages/ae/29/816040a8fd51026aefa5323939424a190cd69068d5beddf91e651243f2ad/pyoxigraph-0.5.11-cp313-cp313-win_amd64.whl", hash = "sha256:8aaebe4656b9e9d7ee575dad1c1fd810bb52bfa0690f13bdd408e975ae28b868", size = 5427768, upload-time = "2026-09-02T20:04:59.647Z" },
    { url = "https://files.pythonhosted.org/packages/01/b0/bcde9432c0044369eb1b2e48c826559787ab7b1e713a38362f1e6bc1f9f2/pyoxigraph-0.5.11-cp313-cp313-win_arm64.whl", hash = "sha256:acbc9f82b75d8c39aa80fcf3c6d9f897c9bb23776af868fb6e9e39dc054e0d2e", size = 5084241, upload-time = "2026-09-02T20:05:01.934Z" },
    { url = "https://files.pythonhosted.org/packages/50/d2/873dad18e44c49c6d395c6b50e3dd97e45807dc645f46a9efa0f5c07798d/pyoxigraph-0.5.11-cp313-cp313t-win_amd64.whl", hash = "sha256:f6caa21919d0ebd4f165a4ade703e1f24cdd9cdb0a12fffa56440228d1106873", size = 5423392, upload-time = "2026-09-02T20:05:03.881Z" },
    { url = "https://files.pythonhosted.org/packages/de/9c/1618c0fd2e68608c2034d122fc620a080294b26bf3c2e039ef6706e50d91/pyoxigraph-0.5.11-cp314-cp314-manylinux_2_28_aarch64.whl", hash = "sha256:18143baee09f6a3f17c096d6d58dbb3b1bf023ac5d6a52521cb2437cbf24b4a3", size = 7680302, upload-time = "2026-09-02T20:05:05.611Z" },
    { url = "https://files.pythonhosted.org/packages/bc/e4/9ae9d8014cf039a12c1d174e202587d2b3947226f9da173391cd3e344fa0/pyoxigraph-0.5.11-cp314-cp314-manylinux_2_28_x86_64.whl", hash = "sha256:e02906504ad2ac399d1f30cbae2e47b85932d39bf89ef5c7508268faa6ae3bc4", size = 8182140, upload-time = "2026-09-02T20:05:07.496Z" },
    { url = "https://files.pythonhosted.org/packages/5c/85/e8d325f5c001d16a67df710d14a8d8e2eb9a68c806a92dc62621ecb6bbd7/pyoxigraph-0.5.11-cp314-cp314-win_amd64.whl", hash = "sha256:81ccae2810d6f6b699c49f39a157a060b5713421e91ab7edb0ef354be04af583", size = 5421318, upload-time = "2026-09-02T20:05:09.182Z" },
    { url = "https://files.pythonhosted.org/packages/f1/8a/0a40ecae761d3e559873e20ac07f138ede16d3ce9f23f2cbd2f6a7cf239f/pyoxigraph-0.5.11-cp314-cp314t-manylinux_2_28_aarch64.whl", hash = "sha256:b5167ed8771e9cdfeb8640c8f04aed06c295e5049752899d0ca221477ed327bb", size = 7674974, upload-time = "2026-09-02T20:05:10.997Z" },
    { url = "https://files.pythonhosted.org/packages/50/7b/f5582bab4d251ab9fbd4de20dfee17fe88d5fa3e73fb96683ea692c66421/pyoxigraph-0.5.11-cp314-cp314t-manylinux_2_28_x86_64.whl", hash = "sha256:13ed2633b72cf4a7cd6ef405d225e1a3e505228ffadb73c5f0aea4fd65f95cd9", size = 8178709, upload-time = "2026-09-02T20:05:12.938Z" },
    { url = "https://files.pythonhosted.org/packages/4d/d7/ba4406bdc3d3fe7a5f0e3718e2838d1b40aa73f61090d801c36ca0591468/pyoxigraph-0.5.11-cp314-cp314t-win_amd64.whl", hash = "sha256:f58294bd2695f2fc8074f9bf8a381281c737f2903159ca602f5bfc3834559174", size = 5418434, upload-time = "2026-09-02T20:05:15.458Z" },
    { url = "https://files.pythonhosted.org/packages/38/c0/824cdec1e1ea9f6d4d05da51a843be668d3a2d02d223b780c138fcc4b2f9/pyoxigraph-0.5.11-cp38-abi3-macosx_10_14_x86_64.whl", hash = "sha256:aae8c162fd349a33255f580c665d8f950aaa875d65f64fae4a6c6fb93b5b7ccd", size = 6305518, upload-time = "2026-09-02T20:05:17.462Z" },
    { url = "https://files.pythonhosted.org/packages/18/fe/23899fc8e17fb6bfa37d606f8afc755c05dd081bd690d360d3754ea7d520/pyoxigraph-0.5.11-cp38-abi3-macosx_11_0_arm64.whl", hash = "sha256:3b67839b598fc806dbed8e99eb2d75b26b0ded6d52ca8bff1496d6a3cc002036", size = 5817955, upload-time = "2026-09-02T20:05:19.199Z" },
    { url = "https://files.pythonhosted.org/packages/2c/27/175c5099548c76f85b1b80a8017ad98bff5bc92adc568b472d615e1f712d/pyoxigraph-0.5.11-cp38-abi3-manylinux_2_28_aarch64.whl", hash = "sha256:96c9c4d117a0f4d0eae2c9092a490c6c51b0b8114ab7b126b8dfb0a8f0be2745", size = 7681128, upload-time = "2026-09-02T20:05:21.084Z" },
    { url = "https://files.pythonhosted.org/packages/9e/3a/9ec824aca0377ba56a7834222454c19392ff85b00e55fff9894f5211d655/pyoxigraph-0.5.11-cp38-abi3-manylinux_2_28_x86_64.whl", hash = "sha256:ed906c05164d4766046a899f5944b4cf63309e717e3f464b2c0c80e8de91fa16", size = 8185704, upload-time = "2026-09-02T20:05:23.211Z" },
    { url = "https://files.pythonhosted.org/packages/98/25/5b0b9ecdebbd7600c3642be4b090cbe1c9ac5bae440c4bf2e5f82311cd0c/pyoxigraph-0.5.11-cp38-abi3-musllinux_1_2_aarch64.whl", hash = "sha256:1c0462f03c4e3789fdee48faaab0edf780379fe812d1d70073eae14da86eadc9", size = 8879152, upload-time = "2026-09-02T20:05:25.423Z" },
    { url = "https://files.pythonhosted.org/packages/ff/b4/fda0014c1ee5bc7950dfb7b9ce1c5f0bbb611d61560a9ef7e38dba9b83af/pyoxigraph-0.5.11-cp38-abi3-musllinux_1_2_x86_64.whl", hash = "sha256:c4f2c4c907dd751cc7f7966217dcb33ecb89c89c30b1992665ae965ec5064f01", size = 9412532, upload-time = "2026-09-02T20:05:27.772Z" },
    { url = "https://files.pythonhosted.org/packages/72/83/1588895bad95d257529a0b5bf47872f0c49602dae3cf2f6f1bbe9a5d583c/pyoxigraph-0.5.11-cp38-abi3-win_amd64.whl", hash = "sha256:1057b853663e3fa296f92dba3bb4145f545600261da0943266f4f449d8f7f0a9", size = 5424225, upload-time = "2026-09-02T20:05:29.95Z" },
    { url = "https://files.pythonhosted.org/packages/8a/61/fdb038cff915024cbfd5f6b8637e747c2e054261206a376aede1ee71588b/pyoxigraph-0.5.11-cp38-abi3-win_arm64.whl", hash = "sha256:ec99a70bfc9683dcecaea1f3000b6d6ba9c34a641dda48e660c456454f642ee6", size = 5083910, upload-time = "2026-09-02T20:05:31.573Z" },
    { url = "https://files.pythonhosted.org/packages/76/3a/5ef368d710c1ddbc3e5e17de91e1cff9226135d4af791f24914f8f766bf0/pyoxigraph-0.5.11-pp311-pypy311_pp73-manylinux_2_28_aarch64.whl", hash = "sha256:48906bceececf8a4ac7534dcc4ffbb3de9ef33a5dbda880485d3e4cc9ad3fcf6", size = 7679699, upload-time = "2026-09-02T20:05:37.099Z" },
    { url = "https://files.pythonhosted.org/packages/1a/49/2769c407f356e3d26f7cd89f3e1046778c303eb9d6a4d221744a69a2677f/pyoxigraph-0.5.11-pp311-pypy311_pp73-manylinux_2_28_x86_64.whl", hash = "sha256:1b9ac337a215e94bae1747b98e3b4f2c8552e1834fa834f4c4cc678bd79c1e58", size = 8180504, upload-time = "2026-09-02T20:05:39.105Z" },
    { url = "https://files.pythonhosted.org/packages/b5/ea/a8c94b8ea0bbc1ebb2cb89d5ab34fd95a47f84202c9e84d59c2b4ee7281a/pyoxigraph-0.5.11-pp311-pypy311_pp73-win_amd64.whl", hash = "sha256:e8a61682eb44bc8b056d0f230325ba91f8c68d917bfa498f46ed3178f9e97d00", size = 5421500, upload-time = "2026-09-02T20:05:41.095Z" },
]

[[package]]
name = "pyparsing"
version = "3.3.2"
source = { registry = "https://pypi.org/simple" }
sdist = { url = "https://files.pythonhosted.org/packages/f3/91/9c6ee907786a473bf81c5f53cf703ba0957b23ab84c264080fb5a450416f/pyparsing-3.3.2.tar.gz", hash = "sha256:c777f4d763f140633dcb6d8a3eda953bf7a214dc4eff598413c070bcdc117cbc", size = 6851574, upload-time = "2026-01-21T03:57:59.36Z" }
wheels = [
    { url = "https://files.pythonhosted.org/packages/10/bd/c038d7cc38edc1aa5bf91ab8068b63d4308c66c4c8bb3cbba7dfbc049f9c/pyparsing-3.3.2-py3-none-any.whl", hash = "sha256:850ba148bd908d7e2411587e247a1e4f0327839c40e2e5e6d05a007ecc69911d", size = 122781, upload-time = "2026-01-21T03:57:55.912Z" },
]

[[package]]
name = "pytest"
version = "9.1.1"
source = { registry = "https://pypi.org/simple" }
dependencies = [
    { name = "colorama", marker = "sys_platform == 'win32'" },
    { name = "iniconfig" },
    { name = "packaging" },
    { name = "pluggy" },
    { name = "pygments" },
]
sdist = { url = "https://files.pythonhosted.org/packages/e4/47/b9efed96c114afcfa3c9d3fe98a76a1d14c74a9e266d397cf6eb64be5e01/pytest-9.1.1.tar.gz", hash = "sha256:1088fbde8f2b49d95a549a195707afa7a76a3ce9bcadc26b6d71f0ffda5fe313", size = 1636369, upload-time = "2026-06-19T10:58:32.857Z" }
wheels = [
    { url = "https://files.pythonhosted.org/packages/24/25/1de2678b631f5a49215c6c96fff41ba892b0a34df68d6d80292b1b48aa7f/pytest-9.1.1-py3-none-any.whl", hash = "sha256:37a86b45efb9a47a61a36449063e8e18d0cab3161329fc099eb21783169c4f0c", size = 386536, upload-time = "2026-06-19T10:58:31.347Z" },
]

[[package]]
name = "pytest-codspeed"
version = "5.0.3"
source = { registry = "https://pypi.org/simple" }
dependencies = [
    { name = "pytest" },
    { name = "rich" },
]
sdist = { url = "https://files.pythonhosted.org/packages/e1/b4/cf932fcd1960a2fd6d9b09eb403253a8709aeee975961afa6299239a830e/pytest_codspeed-5.0.3.tar.gz", hash = "sha256:91afef90e6a96b013495e4702ef5d6358614a449e71008cdc194ef668778b92f", size = 324571, upload-time = "2026-05-22T16:20:49.231Z" }
wheels = [
    { url = "https://files.pythonhosted.org/packages/ac/ef/32ce60d42a4aa43e728d988e13eb6568fbc7b10a514517b459bafd3f2b94/pytest_codspeed-5.0.3-cp311-cp311-macosx_11_0_arm64.whl", hash = "sha256:f56d0339cd98d26f6e561987be25bdd2761a5d53d8f73493b1ebe02d0d451093", size = 366253, upload-time = "2026-05-22T16:21:10.013Z" },
    { url = "https://files.pythonhosted.org/packages/2a/15/c66ef90a793c5d2c039e63a1726a5e55c678be2618b0f5f1660d0f79e25f/pytest_codspeed-5.0.3-cp311-cp311-manylinux2014_aarch64.manylinux_2_17_aarch64.manylinux_2_28_aarch64.whl", hash = "sha256:4c682f6645d4eb472f3bd95dbda1805e3af4243610572cb7d6bf94a88e8a0b6c", size = 932465, upload-time = "2026-05-22T16:20:34.265Z" },
    { url = "https://files.pythonhosted.org/packages/1a/7b/d231279301967f05b7909160489e85ee3a1b9da76094ea25343faba1abc2/pytest_codspeed-5.0.3-cp311-cp311-manylinux2014_x86_64.manylinux_2_17_x86_64.manylinux_2_28_x86_64.whl", hash = "sha256:f852bee785a7a124cb1720b1915670c6742af87747dc4d838f3ffdbd365ce9d9", size = 934925, upload-time = "2026-05-22T16:20:47.63Z" },
    { url = "https://files.pythonhosted.org/packages/c2/22/456c48160b761d5028c8afa119f085a9fc42855a783a13d73918078969f0/pytest_codspeed-5.0.3-cp312-cp312-macosx_11_0_arm64.whl", hash = "sha256:2eeb25fb1ac3f73c4de50e739e78fea396b89782bdb740bf2a7cd2df21f8d4ee", size = 366255, upload-time = "2026-05-22T16:20:56.214Z" },
    { url = "https://files.pythonhosted.org/packages/74/33/ac7441fa937c9d9f158083a8c46920a5a5c81ed3c5f96240fc8d650db5c2/pytest_codspeed-5.0.3-cp312-cp312-manylinux2014_aarch64.manylinux_2_17_aarch64.manylinux_2_28_aarch64.whl", hash = "sha256:73c5c9d98a3372a42611989ccfa437cce3842431ac6d6b9ab42c4f0e59c070f7", size = 932325, upload-time = "2026-05-22T16:21:08.814Z" },
    { url = "https://files.pythonhosted.org/packages/77/bc/8b994adcb9e9016e7d9a808056a3dd9cca21441e432ef456eae2b697d7fe/pytest_codspeed-5.0.3-cp312-cp312-manylinux2014_x86_64.manylinux_2_17_x86_64.manylinux_2_28_x86_64.whl", hash = "sha256:a2e0ab65df73e837666d12357280ca50ff6d6ac03ea5266703be518b68170edf", size = 934885, upload-time = "2026-05-22T16:21:01.444Z" },
    { url = "https://files.pythonhosted.org/packages/dc/8e/e032451e9e0a06b0c4bff53105f62b693d9a54595dd8c024693741ce3380/pytest_codspeed-5.0.3-cp313-cp313-macosx_11_0_arm64.whl", hash = "sha256:6524c57fec279a22ffef6112af404036afc71b4704758ae9f0abda429b8478d4", size = 366253, upload-time = "2026-05-22T16:20:46.192Z" },
    { url = "https://files.pythonhosted.org/packages/a9/7b/ae76fd8ac656b9695806a6aafd5f22ec32e6ce20e266a58f9112e01d3cd8/pytest_codspeed-5.0.3-cp313-cp313-manylinux2014_aarch64.manylinux_2_17_aarch64.manylinux_2_28_aarch64.whl", hash = "sha256:0c383c9121deb58a69f174188e9e4488ffc0daced0ed276abf87747182511901", size = 932360, upload-time = "2026-05-22T16:20:30.589Z" },
    { url = "https://files.pythonhosted.org/packages/a6/4a/dfd43d943fdb143be4fd62f34c2793ba349dc27aa188e521d19d629aa7ab/pytest_codspeed-5.0.3-cp313-cp313-manylinux2014_x86_64.manylinux_2_17_x86_64.manylinux_2_28_x86_64.whl", hash = "sha256:a4bcdb4b6522738152885ef067e0c8524d5699828d780fb6f464cdb3db44369c", size = 934928, upload-time = "2026-05-22T16:20:38.62Z" },
    { url = "https://files.pythonhosted.org/packages/04/6a/fdcec19c7f267c195f147c51d3fd2245f6b8d09b80495ed0a90c008e0842/pytest_codspeed-5.0.3-cp314-cp314-macosx_11_0_arm64.whl", hash = "sha256:25464363c7f9b9bd5022e969c0addba616fa40ac9b8f0fc9e030c4538863b32d", size = 366259, upload-time = "2026-05-22T16:21:06.039Z" },
    { url = "https://files.pythonhosted.org/packages/6a/96/c6b03b81dcd21ae3d6b32cca0b3c10149fa378eb21b338d4b63c9eb8050b/pytest_codspeed-5.0.3-cp314-cp314-manylinux2014_aarch64.manylinux_2_17_aarch64.manylinux_2_28_aarch64.whl", hash = "sha256:efd43f82ea03ced8488a767ded9473f050791ab7783ea8654107e1e0ac66af40", size = 932395, upload-time = "2026-05-22T16:21:04.804Z" },
    { url = "https://files.pythonhosted.org/packages/96/08/56ad8f1cc7d6962f8a680141b361e93467a2abc53d976cd9d5e1edd740e3/pytest_codspeed-5.0.3-cp314-cp314-manylinux2014_x86_64.manylinux_2_17_x86_64.manylinux_2_28_x86_64.whl", hash = "sha256:782f9985b6f6b45b8bc20152d206d3a52b56dd088ba81cb70a71f0b39841be9e", size = 934994, upload-time = "2026-05-22T16:20:28.809Z" },
    { url = "https://files.pythonhosted.org/packages/0b/54/9096c4545f09da94b1b00f3be2fe4952949e86c9bcafca9a29b26aed1a75/pytest_codspeed-5.0.3-cp314-cp314t-macosx_11_0_arm64.whl", hash = "sha256:9aa0815b90196f3c20d736ea8691381e97f12bbe8c7d87af10a351e434b452cb", size = 366311, upload-time = "2026-05-22T16:20:41.791Z" },
    { url = "https://files.pythonhosted.org/packages/a7/3c/24c53f67a38ad48cb087105ac30a8aa0923223ee274ea9bf2dc705edaa59/pytest_codspeed-5.0.3-cp314-cp314t-manylinux2014_aarch64.manylinux_2_17_aarch64.manylinux_2_28_aarch64.whl", hash = "sha256:85505c96a3477c346ec2d2b7dced8478f4c651e2b1666ee102d53a832b511853", size = 933169, upload-time = "2026-05-22T16:20:43.178Z" },
    { url = "https://files.pythonhosted.org/packages/d1/de/2213f868fa7694f743f96cccbc07e757f45c920c523cccc2da97bc8652df/pytest_codspeed-5.0.3-cp314-cp314t-manylinux2014_x86_64.manylinux_2_17_x86_64.manylinux_2_28_x86_64.whl", hash = "sha256:20eba63765be9d1b6cacbbfad84b87d49eb04b357a7045a0899880da181f81e3", size = 935522, upload-time = "2026-05-22T16:21:03.398Z" },
    { url = "https://files.pythonhosted.org/packages/df/85/5dfea1c031d6cccc11653464828edf205c30f798caf5b2a85375aacd914a/pytest_codspeed-5.0.3-cp315-cp315-macosx_11_0_arm64.whl", hash = "sha256:ec9fa6f0af0a9feb0e0bd517fb59ef28f806fbd50c0c6900ac26cbb4d080eba5", size = 366275, upload-time = "2026-05-22T16:20:59.463Z" },
    { url = "https://files.pythonhosted.org/packages/3c/2b/af4d1b612f03b98a6cf3c7d5f62678917a60110a8bf380d49ab408b31137/pytest_codspeed-5.0.3-cp315-cp315-manylinux2014_aarch64.manylinux_2_17_aarch64.manylinux_2_28_aarch64.whl", hash = "sha256:8df77b3409f54f4a268f77f3ff74992fe1d995cdbaf2cecf8ad74d32db217ce7", size = 932537, upload-time = "2026-05-22T16:20:54.945Z" },
    { url = "https://files.pythonhosted.org/packages/f5/a2/c7ec45e36a61b418efb2a3cccaa67a0c2fcf1f21d5880f64c33114f0c249/pytest_codspeed-5.0.3-cp315-cp315-manylinux2014_x86_64.manylinux_2_17_x86_64.manylinux_2_28_x86_64.whl", hash = "sha256:a5d8695a227ea1c3a41d25db5b3fe720bf1b4808bd38862be811a4efd902c792", size = 934153, upload-time = "2026-05-22T16:21:07.494Z" },
    { url = "https://files.pythonhosted.org/packages/cf/c7/d5bada9618a0af56a5c8065fc61280849cab8e7c1e24025807a51c3157ce/pytest_codspeed-5.0.3-cp315-cp315t-macosx_11_0_arm64.whl", hash = "sha256:bf4cc4178cbace8f4d2bd240408276bc4da3850ac5fcb5fb5f8a74ab417615bb", size = 366339, upload-time = "2026-05-22T16:20:51.968Z" },
    { url = "https://files.pythonhosted.org/packages/a8/37/fb27aeb40a81320e7349553b877a21333c897b27c8dfe215630452908f36/pytest_codspeed-5.0.3-cp315-cp315t-manylinux2014_aarch64.manylinux_2_17_aarch64.manylinux_2_28_aarch64.whl", hash = "sha256:abe793da40f87295d33988673d34f06ea569848b44490b847552cd416816258a", size = 933055, upload-time = "2026-05-22T16:20:44.861Z" },
    { url = "https://files.pythonhosted.org/packages/f3/d9/6f2d69e96deaf0475a695fc9195af59e7a3b5fab50782855e65c63a7bc28/pytest_codspeed-5.0.3-cp315-cp315t-manylinux2014_x86_64.manylinux_2_17_x86_64.manylinux_2_28_x86_64.whl", hash = "sha256:c3a9ed38dfa776443b86f4b49a982e8443d0953db4974bd2673d63cc904ae1ad", size = 934481, upload-time = "2026-05-22T16:20:58.264Z" },
    { url = "https://files.pythonhosted.org/packages/c5/b2/1d2a993c532146dce9eca5b5942d51898021c3579ce18b2454f932a915f8/pytest_codspeed-5.0.3-py3-none-any.whl", hash = "sha256:fe2ea83c924c2250675b75686c3ee456b8cf0208d83d552e182a195fdf467378", size = 74033, upload-time = "2026-05-22T16:20:26.814Z" },
]

[[package]]
name = "rdflib"
version = "7.6.0"
source = { registry = "https://pypi.org/simple" }
dependencies = [
    { name = "pyparsing" },
]
sdist = { url = "https://files.pythonhosted.org/packages/98/f5/18bb77b7af9526add0c727a3b2048959847dc5fb030913e2918bf384fec3/rdflib-7.6.0.tar.gz", hash = "sha256:6c831288d5e4a5a7ece85d0ccde9877d512a3d0f02d7c06455d00d6d0ea379df", size = 4943826, upload-time = "2026-02-13T07:15:55.938Z" }
wheels = [
    { url = "https://files.pythonhosted.org/packages/10/c2/6604a71269e0c1bd75656d5a001432d16f2cc5b8c057140ec797155c295e/rdflib-7.6.0-py3-none-any.whl", hash = "sha256:30c0a3ebf4c0e09215f066be7246794b6492e054e782d7ac2a34c9f70a15e0dd", size = 615416, upload-time = "2026-02-13T07:15:46.487Z" },
]

[[package]]
name = "rich"
version = "15.0.0"
source = { registry = "https://pypi.org/simple" }
dependencies = [
    { name = "markdown-it-py" },
    { name = "pygments" },
]
sdist = { url = "https://files.pythonhosted.org/packages/c0/8f/0722ca900cc807c13a6a0c696dacf35430f72e0ec571c4275d2371fca3e9/rich-15.0.0.tar.gz", hash = "sha256:edd07a4824c6b40189fb7ac9bc4c52536e9780fbbfbddf6f1e2502c31b068c36", size = 230680, upload-time = "2026-04-12T08:24:00.75Z" }
wheels = [
    { url = "https://files.pythonhosted.org/packages/82/3b/64d4899d73f91ba49a8c18a8ff3f0ea8f1c1d75481760df8c68ef5235bf5/rich-15.0.0-py3-none-any.whl", hash = "sha256:33bd4ef74232fb73fe9279a257718407f169c09b78a87ad3d296f548e27de0bb", size = 310654, upload-time = "2026-04-12T08:24:02.83Z" },
]

[[package]]
name = "ruff"
version = "0.16.5"
source = { registry = "https://pypi.org/simple" }
sdist = { url = "https://files.pythonhosted.org/packages/f3/85/c8e12473c93018f92d19dd988a294202e1c27426c47ec4de53ffb847b8d8/ruff-0.16.5.tar.gz", hash = "sha256:1b88500f9ffbcab3dedb0082c9f9492e91ec3d618aac1236a3e0189938f7040b", size = 4912003, upload-time = "2026-08-27T16:34:18.258Z" }
wheels = [
    { url = "https://files.pythonhosted.org/packages/c6/b6/77c90a970fe2dae17a723acbd011043ea97c98d7deacccefdc4ba74ec512/ruff-0.16.5-py3-none-linux_armv6l.whl", hash = "sha256:12e5f673e774c35fbb62f288809c7653b73445f8ecec6b6063fd6ea3521aa14b", size = 10011941, upload-time = "2026-08-27T16:33:41.287Z" },
    { url = "https://files.pythonhosted.org/packages/4b/46/6cf67cf6411885a1d6f7f6d801682f155536a85176d10b605e2ceffed8bd/ruff-0.16.5-py3-none-macosx_10_12_x86_64.whl", hash = "sha256:eda58a5802de40e7ed5b32b64e0b32539338cc6fcd2c78f61e3ad6a0d79f51c3", size = 10204049, upload-time = "2026-08-27T16:33:44.056Z" },
    { url = "https://files.pythonhosted.org/packages/46/fd/c8720ca7a090abf0c2fef4abe8a5ef6e5127ed15196d8886ff75a2b370e2/ruff-0.16.5-py3-none-macosx_11_0_arm64.whl", hash = "sha256:c5ae9a7b9a8875131f40f8fe967cc86abf899779efd663cb7ce3d572d01da7eb", size = 9809037, upload-time = "2026-08-27T16:33:46.257Z" },
    { url = "https://files.pythonhosted.org/packages/43/45/a684caacdedaca180f52bacccc40bf0789d2c5a7c75f25324853e9eaedb5/ruff-0.16.5-py3-none-manylinux_2_17_aarch64.manylinux2014_aarch64.whl", hash = "sha256:7b719b0a1f4d59710d283ab2965f621684a108a9e41da622e3b23f0326cd0025", size = 9964129, upload-time = "2026-08-27T16:33:48.352Z" },
    { url = "https://files.pythonhosted.org/packages/9e/f2/5d2bcdaca6b5b93d1b4dfc166cd2aebf7680143a1b38a28759df13a94d31/ruff-0.16.5-py3-none-manylinux_2_17_armv7l.manylinux2014_armv7l.whl", hash = "sha256:2298f2780ed1be0c5cb1361e32ab7b1467f3cce7dabe101d2210a314f2fe42e9", size = 9821518, upload-time = "2026-08-27T16:33:50.57Z" },
    { url = "https://files.pythonhosted.org/packages/aa/ff/011cce29accf9257d5974145b733fc653a37985ed6825413a3987cefbfe0/ruff-0.16.5-py3-none-manylinux_2_17_i686.manylinux2014_i686.whl", hash = "sha256:258f29035a2dd021e7861e631b227a5b3f14e50c1184c9a6a122c5f4576154d7", size = 10534835, upload-time = "2026-08-27T16:33:52.522Z" },
    { url = "https://files.pythonhosted.org/packages/d7/5a/f0cf109bada9bba0e96c90c21c9f9251803f57225c32d293327a03c710d6/ruff-0.16.5-py3-none-manylinux_2_17_ppc64le.manylinux2014_ppc64le.whl", hash = "sha256:b9a4f0432966834019c74d1b7e5c51224305d7713f3d7faf3e7451f1a3be3cde", size = 11252550, upload-time = "2026-08-27T16:33:54.521Z" },
    { url = "https://files.pythonhosted.org/packages/63/4d/1d481aaea2046c6a7ed7c291f9004c669cce3c087b6b376ed5b08271e3fe/ruff-0.16.5-py3-none-manylinux_2_17_s390x.manylinux2014_s390x.whl", hash = "sha256:b5eb3a8c3d0ade9cea42b591fd530368e8798380e30e0a308b85a5cf718f09ea", size = 10777949, upload-time = "2026-08-27T16:33:56.88Z" },
    { url = "https://files.pythonhosted.org/packages/ee/34/ee245ca55f64443233034b3d02b03236b19242004281247c079390b7facd/ruff-0.16.5-py3-none-manylinux_2_17_x86_64.manylinux2014_x86_64.whl", hash = "sha256:ef0f69e191a13a3c9816f63163c88790cb12cd157bbbb384e9c44745702ab105", size = 10311656, upload-time = "2026-08-27T16:33:59.12Z" },
    { url = "https://files.pythonhosted.org/packages/a7/4d/c33a333e341c0a2b96c715b52d89a606f5a34cd4ac493cd9b8d0187186b8/ruff-0.16.5-py3-none-manylinux_2_31_riscv64.whl", hash = "sha256:0eeab41fbea2c42f98dfb9822cdccda9d24ba38d49f6dc945b5c236d48f0ef29", size = 10532125, upload-time = "2026-08-27T16:34:01.166Z" },
    { url = "https://files.pythonhosted.org/packages/30/e1/a64cef78b40192497bb98a27a8aa8f2c98ee9ee15bc97f7712d94ef32937/ruff-0.16.5-py3-none-musllinux_1_2_aarch64.whl", hash = "sha256:f0768e9df4300713fff30733c87575f68b6f1d8de41184e505b7fdd9c0c95eaf", size = 10097648, upload-time = "2026-08-27T16:34:03.16Z" },
    { url = "https://files.pythonhosted.org/packages/cc/4e/4cdc9ed3c3e109d2f71e62572a37457298d7bc7501ec3138babb7ed32bbd/ruff-0.16.5-py3-none-musllinux_1_2_armv7l.whl", hash = "sha256:95cc70cdc7aa80c338de356279d2adbeb2de0f520b9ecd8aba75b94e95e02f91", size = 9829344, upload-time = "2026-08-27T16:34:05.134Z" },
    { url = "https://files.pythonhosted.org/packages/39/4a/31ed35ce31729955fc583ee0d176d6e784c1290cb0b0a75cb2134c1ab72a/ruff-0.16.5-py3-none-musllinux_1_2_i686.whl", hash = "sha256:d185c8398ded1bfd91c0c2cb258346307571eccc473a8490af8c3977399c384a", size = 10277117, upload-time = "2026-08-27T16:34:07.425Z" },
    { url = "https://files.pythonhosted.org/packages/a8/a0/60356d86687b4b666d593df213f4dc3041750d024cb7bf2cfa81cfd65c2e/ruff-0.16.5-py3-none-musllinux_1_2_x86_64.whl", hash = "sha256:fb8e3a3c4c6a784150a7ced53b015f4b253fc2bf97a610886419ead64b4756ef", size = 10711653, upload-time = "2026-08-27T16:34:09.712Z" },
    { url = "https://files.pythonhosted.org/packages/ed/20/656d67f5b25ca9bda4e02b1de25867b2954e1d19e03648060f167ad0f4cc/ruff-0.16.5-py3-none-win32.whl", hash = "sha256:288b0a5f080492fe5635db849f9e2e84aa3cce7b7f0e955997d416c507c76a26", size = 10034250, upload-time = "2026-08-27T16:34:11.8Z" },
    { url = "https://files.pythonhosted.org/packages/5b/42/ee8e68a207b9127fcde6c3d7e197def432f346cb1af159e1fa14ca0d1cdc/ruff-0.16.5-py3-none-win_amd64.whl", hash = "sha256:ddc6385fb2137f616357ca03d6c74f4be987f80fed4008566b754f6032b8546f", size = 10516714, upload-time = "2026-08-27T16:34:13.963Z" },
    { url = "https://files.pythonhosted.org/packages/73/e3/7df5a396e445b9ba49ce9a9437439a4d80042c61c0ade199abf8d16de1ac/ruff-0.16.5-py3-none-win_arm64.whl", hash = "sha256:a64abe90968719b851bb7cedffaa8753fbdbdadab483089682db623f3edc587e", size = 10391564, upload-time = "2026-08-27T16:34:16.064Z" },
]

[[package]]
name = "ty"
version = "0.0.78"
source = { registry = "https://pypi.org/simple" }
sdist = { url = "https://files.pythonhosted.org/packages/d8/c7/2ba0861384c5b5097ac354383abb98188112cb330208c21d5197e98a29e5/ty-0.0.78.tar.gz", hash = "sha256:770b45854f85fa11595208f08c0f28df80943164d10a2832d86be6ac29f135b2", size = 7050609, upload-time = "2026-09-02T22:41:33.92Z" }
wheels = [
    { url = "https://files.pythonhosted.org/packages/ea/ed/f34cfc06a9ba72979df219e48dae1a0b6a6c74a340763ccd30a547edf913/ty-0.0.78-py3-none-linux_armv6l.whl", hash = "sha256:122700b98f9d45785c1ce91a9418154562e7f64f4bf34679f6f7b38c5b97453f", size = 13304624, upload-time = "2026-09-02T22:40:56.649Z" },
    { url = "https://files.pythonhosted.org/packages/1c/28/5576e2a08b57676d9b2a736d528f077a6c6e32c3d1de2d75dbbe28346966/ty-0.0.78-py3-none-macosx_10_12_x86_64.whl", hash = "sha256:cbe7e3709ccf29ef3d9f58f5914cc30ec36fb647008a5a4ff8483abe401bfe8d", size = 12928383, upload-time = "2026-09-02T22:40:59.162Z" },
    { url = "https://files.pythonhosted.org/packages/8e/e0/027d49c3da5235e634da3d3fc52c4874ec89f50830388c9c259f8fb71e0e/ty-0.0.78-py3-none-macosx_11_0_arm64.whl", hash = "sha256:c3528897b3ab9d3589561bc2b5e61a4d5d686de527a4400bb09a439b922a6c70", size = 12730058, upload-time = "2026-09-02T22:41:01.235Z" },
    { url = "https://files.pythonhosted.org/packages/bb/bc/6bf8ffefd8063730a70ae889cf85def72bc155fd1453135ebf8a09c2f1c2/ty-0.0.78-py3-none-manylinux_2_17_aarch64.manylinux2014_aarch64.whl", hash = "sha256:8bfba4c44a06484093f527b8ef43a317abcf91395b49396170266629eedf74aa", size = 12813321, upload-time = "2026-09-02T22:41:03.251Z" },
    { url = "https://files.pythonhosted.org/packages/6d/c0/b3cdf26f82108908d92fdb7ddb741019c446ceb666cf204d4dbf611bde33/ty-0.0.78-py3-none-manylinux_2_17_armv7l.manylinux2014_armv7l.whl", hash = "sha256:5f903c06fdee17baf8373173039ab28f1bce28e66b1c734929a5f50b37eb54d9", size = 13072219, upload-time = "2026-09-02T22:41:05.225Z" },
    { url = "https://files.pythonhosted.org/packages/4d/36/16bfb0abdd178dae11dbc4b57b9a86c2b62642a18c1103fd2c2930aa5879/ty-0.0.78-py3-none-manylinux_2_17_i686.manylinux2014_i686.whl", hash = "sha256:dd83e5fe3f07291d1bd4e591f8d2607c204f3eab53bcb1b8060c40e876e1aa61", size = 13903958, upload-time = "2026-09-02T22:41:07.333Z" },
    { url = "https://files.pythonhosted.org/packages/0f/0c/74d3b1f0344b13156c719dd68a7edf7e48c2051718c9f326ba3cbf45ea53/ty-0.0.78-py3-none-manylinux_2_17_ppc64le.manylinux2014_ppc64le.whl", hash = "sha256:325285377319cf7168a2b8b771ae5027f411530e3c7eab1faf4583cdd72fd7c9", size = 14355581, upload-time = "2026-09-02T22:41:09.56Z" },
    { url = "https://files.pythonhosted.org/packages/8d/d7/7ca0359e1e61b15b8b02328c8d120db3c507876b9b7c6bd9f26935353e0e/ty-0.0.78-py3-none-manylinux_2_17_s390x.manylinux2014_s390x.whl", hash = "sha256:54b7846a404da6492697b524a769755ee9bee157d67674063ecd9c5f69dc52ff", size = 14044749, upload-time = "2026-09-02T22:41:11.678Z" },
    { url = "https://files.pythonhosted.org/packages/3b/6a/731f16ff42c5fc96e742c2f4e0a6915356bae114ae02ae4af6f33502175f/ty-0.0.78-py3-none-manylinux_2_17_x86_64.manylinux2014_x86_64.whl", hash = "sha256:169d3b9d134c0b48fe1af8a844142d374655552054a9d6c15a4b6e51bb0382ea", size = 13391647, upload-time = "2026-09-02T22:41:13.928Z" },
    { url = "https://files.pythonhosted.org/packages/0c/af/250cc29daf310e837188509ea4d78460c495d8a74c4fb84b4152d9ef2d4f/ty-0.0.78-py3-none-manylinux_2_31_riscv64.whl", hash = "sha256:6108cb3b2d28dac5981d4e25008a0a5547d8c877a67f6da9e8c38e7e946be44f", size = 13945020, upload-time = "2026-09-02T22:41:15.968Z" },
    { url = "https://files.pythonhosted.org/packages/b8/f9/96aab1dee4535e66554e8dc7657c69f6c61c181d8e70b9c3527908e93ef4/ty-0.0.78-py3-none-musllinux_1_2_aarch64.whl", hash = "sha256:589ad03608d9d2975ef4b23c41c4f847e325bcc7686f51d4c66066b8dbc18a2a", size = 12851149, upload-time = "2026-09-02T22:41:18.06Z" },
    { url = "https://files.pythonhosted.org/packages/85/b0/53d8fe9a847534ef5fe2165c7d5292cb853b29dfd7011cbfb1cdb90a8012/ty-0.0.78-py3-none-musllinux_1_2_armv7l.whl", hash = "sha256:b3fa0786edc1af06030f872d83499c0cea7c261dbbb651e0aee8306bf2c8a869", size = 13091464, upload-time = "2026-09-02T22:41:20.227Z" },
    { url = "https://files.pythonhosted.org/packages/21/65/94a4e5a02de559f6c6c0ee7a14b88660b4eee058ec6fec5c0ff6ecfbf5cc/ty-0.0.78-py3-none-musllinux_1_2_i686.whl", hash = "sha256:92c5639befc577578c8abd4e5a7fccf98d828db98b09e8d4dd81605dc0e54aef", size = 13389389, upload-time = "2026-09-02T22:41:22.27Z" },
    { url = "https://files.pythonhosted.org/packages/2e/b6/d0c7fe6be64ca5a15100c4b1f0e39c19660d53bc544f609fa117b346e661/ty-0.0.78-py3-none-musllinux_1_2_x86_64.whl", hash = "sha256:0dce70bc51652b2775debd1d1e422fb0179f5207c73deb4d5d0aca37e5f61695", size = 13691928, upload-time = "2026-09-02T22:41:24.292Z" },
    { url = "https://files.pythonhosted.org/packages/0a/5d/36081205611ba3fa802efc4ad63e4b1e949bda2f7bb37b34ac9bb6c00db0/ty-0.0.78-py3-none-win32.whl", hash = "sha256:1c80976ca9185d7a9d1baab1fb57240331b8dac58d3b11e46200284086a6de8d", size = 12647346, upload-time = "2026-09-02T22:41:26.699Z" },
    { url = "https://files.pythonhosted.org/packages/f1/89/b925fe1ea1bc56fc7f11d2496e29072fdd2ceb7b389884fc7b2d07cf0c41/ty-0.0.78-py3-none-win_amd64.whl", hash = "sha256:32e82b704471eab34f67b51c151660ca8a00815977b28278905d76fba54f7415", size = 13241810, upload-time = "2026-09-02T22:41:28.857Z" },
    { url = "https://files.pythonhosted.org/packages/91/f1/090ef7b52355bcedfbfbff6ce70fa81ba5bd5f6ed3f8d99ae05e6f2fe75b/ty-0.0.78-py3-none-win_arm64.whl", hash = "sha256:3a14d641a3c04fa9a80f2a46be1531d915f60d4fb79d4b894627bbe46bb35d64", size = 13077433, upload-time = "2026-09-02T22:41:31.525Z" },
]

[[package]]
name = "vortex-rdf"
version = "0.10.0"
source = { registry = "https://pypi.org/simple" }
sdist = { url = "https://files.pythonhosted.org/packages/d5/a9/530edb05b324963ce48d2f3c3c4ad20577248aecaace6078a231ee34f071/vortex_rdf-0.10.0.tar.gz", hash = "sha256:da164b03f2a2f4bb4bfe12d0b2f663cda4be7e968a32917cc6d6e91d9e88ed6e", size = 416226, upload-time = "2026-08-28T12:50:27.791Z" }
wheels = [
    { url = "https://files.pythonhosted.org/packages/8d/29/0a89b1216427bc39e77f663309924ce4770f0040829eb78f3a101cdcf895/vortex_rdf-0.10.0-cp311-abi3-macosx_10_12_x86_64.whl", hash = "sha256:dafe84c46a4f3385ab40090ce7451731329923416e5aa2ccca8dd9ef6bf41184", size = 12530410, upload-time = "2026-08-28T12:50:15.161Z" },
    { url = "https://files.pythonhosted.org/packages/25/e9/9ddc9a04cf577afb7e78b6ce62376f5e83130b226c0a36eb0317d90ccb82/vortex_rdf-0.10.0-cp311-abi3-macosx_11_0_arm64.whl", hash = "sha256:a379134ba63f17ede3d2cc475191b0119dbab9cdd43bc4848f79d5919fee9391", size = 12031661, upload-time = "2026-08-28T12:50:18.014Z" },
    { url = "https://files.pythonhosted.org/packages/da/da/4f063af3704ca51fd43e42f2df748b8adaed1da5c15093f7f7cd26dd0ade/vortex_rdf-0.10.0-cp311-abi3-manylinux_2_28_aarch64.whl", hash = "sha256:97d5d5393c2eca6d06ce0f3e805127b4cc04a93dfccdcdd5a70beef688d70f02", size = 11420691, upload-time = "2026-08-28T12:50:20.259Z" },
    { url = "https://files.pythonhosted.org/packages/f0/b8/c45fc67d3ecee87a3eea2b7d9fb384d3c09c9e8dc0ac1e6b9f035aaaff79/vortex_rdf-0.10.0-cp311-abi3-manylinux_2_28_x86_64.whl", hash = "sha256:676da23a0829fbf76bb773b3473ea3ac7ad8019e76cd498bcc138e099b215256", size = 12660942, upload-time = "2026-08-28T12:50:22.759Z" },
    { url = "https://files.pythonhosted.org/packages/04/56/59ee561d496e934c2200c4ba0d04d77efb6aaaed9f8f7f787eb47edf2847/vortex_rdf-0.10.0-cp311-abi3-win_amd64.whl", hash = "sha256:b9b10816bc3ef41c9eebcb23c5f8732d86b0fc3c1daceb6377e05b8e5c0dd9b6", size = 13208509, upload-time = "2026-08-28T12:50:25.26Z" },
]

[[package]]
name = "vortex-rdflib"
version = "0.1.2"
source = { editable = "." }
dependencies = [
    { name = "rdflib" },
    { name = "vortex-rdf" },
]

[package.dev-dependencies]
bench = [
    { name = "oxrdflib" },
]
dev = [
    { name = "pytest" },
    { name = "pytest-codspeed" },
    { name = "ruff" },
    { name = "ty" },
]

[package.metadata]
requires-dist = [
    { name = "rdflib", specifier = ">=7,<8" },
    { name = "vortex-rdf", specifier = ">=0.10,<0.11" },
]

[package.metadata.requires-dev]
bench = [{ name = "oxrdflib", specifier = ">=0.4" }]
dev = [
    { name = "pytest", specifier = ">=8" },
    { name = "pytest-codspeed", specifier = ">=4" },
    { name = "ruff", specifier = ">=0.16" },
    { name = "ty", specifier = ">=0.0.60" },
]
